
Microsoft Visual Studio Solution File, Format Version 12.00
# Visual Studio Version 17
VisualStudioVersion = 17.5.33516.290
MinimumVisualStudioVersion = 10.0.40219.1
Project("{2150E333-8FDC-42A3-9474-1A3956D46DE8}") = "Frontend", "Frontend", "{5C95AC19-E08B-4434-A692-042B004BE1A6}"
EndProject
Project("{2150E333-8FDC-42A3-9474-1A3956D46DE8}") = "Backend", "Backend", "{71927B3F-D93A-4E16-A1CC-50F9018C406D}"
EndProject
Project("{9A19103F-16F7-4668-BE54-9A1E7A4F7556}") = "Models", "Models\Models.csproj", "{43969C1D-516B-452A-AE5B-07CED457B220}"
EndProject
Project("{9A19103F-16F7-4668-BE54-9A1E7A4F7556}") = "Repositories", "Repositories\Repositories.csproj", "{8346013F-3E6E-4B3F-849F-31AE7DD92077}"
EndProject
Project("{9A19103F-16F7-4668-BE54-9A1E7A4F7556}") = "WindowsBankForm", "WindowsBankForm\WindowsBankForm.csproj", "{60E95971-0814-4F39-8DBC-38C09ACD4EC8}"
	ProjectSection(ProjectDependencies) = postProject
		{6F05CE0E-EDB0-4A21-B77F-3679B8BAC678} = {6F05CE0E-EDB0-4A21-B77F-3679B8BAC678}
	EndProjectSection
EndProject
Project("{9A19103F-16F7-4668-BE54-9A1E7A4F7556}") = "Utilities", "Utilities\Utilities.csproj", "{5296DB2F-DC0E-4874-B49B-D01AFAA6E3A6}"
EndProject
Project("{9A19103F-16F7-4668-BE54-9A1E7A4F7556}") = "Services", "Services\Services.csproj", "{6F05CE0E-EDB0-4A21-B77F-3679B8BAC678}"
EndProject
Global
	GlobalSection(SolutionConfigurationPlatforms) = preSolution
		Debug|Any CPU = Debug|Any CPU
		Release|Any CPU = Release|Any CPU
	EndGlobalSection
	GlobalSection(ProjectConfigurationPlatforms) = postSolution
		{43969C1D-516B-452A-AE5B-07CED457B220}.Debug|Any CPU.ActiveCfg = Debug|Any CPU
		{43969C1D-516B-452A-AE5B-07CED457B220}.Debug|Any CPU.Build.0 = Debug|Any CPU
		{43969C1D-516B-452A-AE5B-07CED457B220}.Release|Any CPU.ActiveCfg = Release|Any CPU
		{43969C1D-516B-452A-AE5B-07CED457B220}.Release|Any CPU.Build.0 = Release|Any CPU
		{8346013F-3E6E-4B3F-849F-31AE7DD92077}.Debug|Any CPU.ActiveCfg = Debug|Any CPU
		{8346013F-3E6E-4B3F-849F-31AE7DD92077}.Debug|Any CPU.Build.0 = Debug|Any CPU
		{8346013F-3E6E-4B3F-849F-31AE7DD92077}.Release|Any CPU.ActiveCfg = Release|Any CPU
		{8346013F-3E6E-4B3F-849F-31AE7DD92077}.Release|Any CPU.Build.0 = Release|Any CPU
		{60E95971-0814-4F39-8DBC-38C09ACD4EC8}.Debug|Any CPU.ActiveCfg = Debug|Any CPU
		{60E95971-0814-4F39-8DBC-38C09ACD4EC8}.Debug|Any CPU.Build.0 = Debug|Any CPU
		{60E95971-0814-4F39-8DBC-38C09ACD4EC8}.Release|Any CPU.ActiveCfg = Release|Any CPU
		{60E95971-0814-4F39-8DBC-38C09ACD4EC8}.Release|Any CPU.Build.0 = Release|Any CPU
		{5296DB2F-DC0E-4874-B49B-D01AFAA6E3A6}.Debug|Any CPU.ActiveCfg = Debug|Any CPU
		{5296DB2F-DC0E-4874-B49B-D01AFAA6E3A6}.Debug|Any CPU.Build.0 = Debug|Any CPU
		{5296DB2F-DC0E-4874-B49B-D01AFAA6E3A6}.Release|Any CPU.ActiveCfg = Release|Any CPU
		{5296DB2F-DC0E-4874-B49B-D01AFAA6E3A6}.Release|Any CPU.Build.0 = Release|Any CPU
		{6F05CE0E-EDB0-4A21-B77F-3679B8BAC678}.Debug|Any CPU.ActiveCfg = Debug|Any CPU
		{6F05CE0E-EDB0-4A21-B77F-3679B8BAC678}.Debug|Any CPU.Build.0 = Debug|Any CPU
		{6F05CE0E-EDB0-4A21-B77F-3679B8BAC678}.Release|Any CPU.ActiveCfg = Release|Any CPU
		{6F05CE0E-EDB0-4A21-B77F-3679B8BAC678}.Release|Any CPU.Build.0 = Release|Any CPU
	EndGlobalSection
	GlobalSection(SolutionProperties) = preSolution
		HideSolutionNode = FALSE
	EndGlobalSection
	GlobalSection(NestedProjects) = preSolution
		{43969C1D-516B-452A-AE5B-07CED457B220} = {71927B3F-D93A-4E16-A1CC-50F9018C406D}
		{8346013F-3E6E-4B3F-849F-31AE7DD92077} = {71927B3F-D93A-4E16-A1CC-50F9018C406D}
		{60E95971-0814-4F39-8DBC-38C09ACD4EC8} = {5C95AC19-E08B-4434-A692-042B004BE1A6}
		{5296DB2F-DC0E-4874-B49B-D01AFAA6E3A6} = {71927B3F-D93A-4E16-A1CC-50F9018C406D}
		{6F05CE0E-EDB0-4A21-B77F-3679B8BAC678} = {71927B3F-D93A-4E16-A1CC-50F9018C406D}
	EndGlobalSection
	GlobalSection(ExtensibilityGlobals) = postSolution
		SolutionGuid = {6212FB83-3017-4314-B713-1C8F303B0117}
	EndGlobalSection
EndGlobal
